
Microsoft Visual Studio Solution File, Format Version 12.00
# Visual Studio Version 17
VisualStudioVersion = 17.14.37111.16
MinimumVisualStudioVersion = 10.0.40219.1
Project("{FAE04EC0-301F-11D3-BF4B-00C04F79EFBC}") = "MGConsole", "MGConsole\MGConsole.csproj", "{F02116E0-2EFF-4337-92EB-78F7D26CDD44}"
EndProject
Project("{2150E333-8FDC-42A3-9474-1A3956D46DE8}") = "Screens", "Screens", "{02EA681E-C7D8-13C7-8484-4AC65E1B71E8}"
	ProjectSection(SolutionItems) = preProject
		Screens\Edit 1.png = Screens\Edit 1.png
		Screens\Edit 2.png = Screens\Edit 2.png
		Screens\MGConsole LQ.gif = Screens\MGConsole LQ.gif
		Screens\NetNIX etc 1.png = Screens\NetNIX etc 1.png
		Screens\NetNIX etc 2.png = Screens\NetNIX etc 2.png
		Screens\NetNIX_edit.png = Screens\NetNIX_edit.png
		Screens\Welcome.png = Screens\Welcome.png
	EndProjectSection
EndProject
Global
	GlobalSection(SolutionConfigurationPlatforms) = preSolution
		Debug|Any CPU = Debug|Any CPU
		Release|Any CPU = Release|Any CPU
	EndGlobalSection
	GlobalSection(ProjectConfigurationPlatforms) = postSolution
		{F02116E0-2EFF-4337-92EB-78F7D26CDD44}.Debug|Any CPU.ActiveCfg = Debug|Any CPU
		{F02116E0-2EFF-4337-92EB-78F7D26CDD44}.Debug|Any CPU.Build.0 = Debug|Any CPU
		{F02116E0-2EFF-4337-92EB-78F7D26CDD44}.Release|Any CPU.ActiveCfg = Release|Any CPU
		{F02116E0-2EFF-4337-92EB-78F7D26CDD44}.Release|Any CPU.Build.0 = Release|Any CPU
	EndGlobalSection
	GlobalSection(SolutionProperties) = preSolution
		HideSolutionNode = FALSE
	EndGlobalSection
	GlobalSection(ExtensibilityGlobals) = postSolution
		SolutionGuid = {A1D2AEDE-45F9-44AA-9217-965004FD7E74}
	EndGlobalSection
EndGlobal
